// !$*UTF8*$!
{
	archiveVersion = 1;
	classes = {
	};
	objectVersion = 77;
	objects = {

/* Begin PBXContainerItemProxy section */
		653256CE2EAFAC0B005F43AA /* PBXContainerItemProxy */ = {
			isa = PBXContainerItemProxy;
			containerPortal = 653256AF2EAFAC09005F43AA /* Project object */;
			proxyType = 1;
			remoteGlobalIDString = 653256B62EAFAC09005F43AA;
			remoteInfo = DaangnBookSearch;
		};
		653256D82EAFAC0B005F43AA /* PBXContainerItemProxy */ = {
			isa = PBXContainerItemProxy;
			containerPortal = 653256AF2EAFAC09005F43AA /* Project object */;
			proxyType = 1;
			remoteGlobalIDString = 653256B62EAFAC09005F43AA;
			remoteInfo = DaangnBookSearch;
		};
/* End PBXContainerItemProxy section */

/* Begin PBXFileReference section */
		653256B72EAFAC09005F43AA /* DaangnBookSearch.app */ = {isa = PBXFileReference; explicitFileType = wrapper.application; includeInIndex = 0; path = DaangnBookSearch.app; sourceTree = BUILT_PRODUCTS_DIR; };
		653256CD2EAFAC0B005F43AA /* DaangnBookSearchTests.xctest */ = {isa = PBXFileReference; explicitFileType = wrapper.cfbundle; includeInIndex = 0; path = DaangnBookSearchTests.xctest; sourceTree = BUILT_PRODUCTS_DIR; };
		653256D72EAFAC0B005F43AA /* DaangnBookSearchUITests.xctest */ = {isa = PBXFileReference; explicitFileType = wrapper.cfbundle; includeInIndex = 0; path = DaangnBookSearchUITests.xctest; sourceTree = BUILT_PRODUCTS_DIR; };
/* End PBXFileReference section */

/* Begin PBXFileSystemSynchronizedBuildFileExceptionSet section */
		653256DF2EAFAC0B005F43AA /* Exceptions for "DaangnBookSearch" folder in "DaangnBookSearch" target */ = {
			isa = PBXFileSystemSynchronizedBuildFileExceptionSet;
			membershipExceptions = (
				Info.plist,
			);
			target = 653256B62EAFAC09005F43AA /* DaangnBookSearch */;
		};
		65325D5D2EB28788005F43AA /* Exceptions for "DaangnBookSearch" folder in "DaangnBookSearchTests" target */ = {
			isa = PBXFileSystemSynchronizedBuildFileExceptionSet;
			membershipExceptions = (
				Data/Network/Core/HTTPMethod.swift,
				Data/Network/Core/NetworkProvider.swift,
				Data/Network/Core/NetworkTarget.swift,
				Domain/Entity/BookDetail.swift,
				Domain/Entity/BookSummary.swift,
				Domain/Repository/BookRepository.swift,
				Domain/UseCase/FetchBookDetailUseCase.swift,
				Domain/UseCase/SearchBooksUseCase.swift,
			);
			target = 653256CC2EAFAC0B005F43AA /* DaangnBookSearchTests */;
		};
		65325D5E2EB28788005F43AA /* Exceptions for "DaangnBookSearch" folder in "DaangnBookSearchUITests" target */ = {
			isa = PBXFileSystemSynchronizedBuildFileExceptionSet;
			membershipExceptions = (
				Data/Network/Core/HTTPMethod.swift,
				Data/Network/Core/NetworkProvider.swift,
				Data/Network/Core/NetworkTarget.swift,
				Domain/Entity/BookDetail.swift,
				Domain/Entity/BookSummary.swift,
				Domain/Repository/BookRepository.swift,
				Domain/UseCase/FetchBookDetailUseCase.swift,
				Domain/UseCase/SearchBooksUseCase.swift,
			);
			target = 653256D62EAFAC0B005F43AA /* DaangnBookSearchUITests */;
		};
/* End PBXFileSystemSynchronizedBuildFileExceptionSet section */

/* Begin PBXFileSystemSynchronizedRootGroup section */
		653256B92EAFAC09005F43AA /* DaangnBookSearch */ = {
			isa = PBXFileSystemSynchronizedRootGroup;
			exceptions = (
				653256DF2EAFAC0B005F43AA /* Exceptions for "DaangnBookSearch" folder in "DaangnBookSearch" target */,
				65325D5D2EB28788005F43AA /* Exceptions for "DaangnBookSearch" folder in "DaangnBookSearchTests" target */,
				65325D5E2EB28788005F43AA /* Exceptions for "DaangnBookSearch" folder in "DaangnBookSearchUITests" target */,
			);
			path = DaangnBookSearch;
			sourceTree = "<group>";
		};
		653256D02EAFAC0B005F43AA /* DaangnBookSearchTests */ = {
			isa = PBXFileSystemSynchronizedRootGroup;
			path = DaangnBookSearchTests;
			sourceTree = "<group>";
		};
		653256DA2EAFAC0B005F43AA /* DaangnBookSearchUITests */ = {
			isa = PBXFileSystemSynchronizedRootGroup;
			path = DaangnBookSearchUITests;
			sourceTree = "<group>";
		};
/* End PBXFileSystemSynchronizedRootGroup section */

/* Begin PBXFrameworksBuildPhase section */
		653256B42EAFAC09005F43AA /* Frameworks */ = {
			isa = PBXFrameworksBuildPhase;
			buildActionMask = 2147483647;
			files = (
			);
			runOnlyForDeploymentPostprocessing = 0;
		};
		653256CA2EAFAC0B005F43AA /* Frameworks */ = {
			isa = PBXFrameworksBuildPhase;
			buildActionMask = 2147483647;
			files = (
			);
			runOnlyForDeploymentPostprocessing = 0;
		};
		653256D42EAFAC0B005F43AA /* Frameworks */ = {
			isa = PBXFrameworksBuildPhase;
			buildActionMask = 2147483647;
			files = (
			);
			runOnlyForDeploymentPostprocessing = 0;
		};
/* End PBXFrameworksBuildPhase section */

/* Begin PBXGroup section */
		653256AE2EAFAC09005F43AA = {
			isa = PBXGroup;
			children = (
				653256B92EAFAC09005F43AA /* DaangnBookSearch */,
				653256D02EAFAC0B005F43AA /* DaangnBookSearchTests */,
				653256DA2EAFAC0B005F43AA /* DaangnBookSearchUITests */,
				653256B82EAFAC09005F43AA /* Products */,
			);
			sourceTree = "<group>";
		};
		653256B82EAFAC09005F43AA /* Products */ = {
			isa = PBXGroup;
			children = (
				653256B72EAFAC09005F43AA /* DaangnBookSearch.app */,
				653256CD2EAFAC0B005F43AA /* DaangnBookSearchTests.xctest */,
				653256D72EAFAC0B005F43AA /* DaangnBookSearchUITests.xctest */,
			);
			name = Products;
			sourceTree = "<group>";
		};
/* End PBXGroup section */

/* Begin PBXNativeTarget section */
		653256B62EAFAC09005F43AA /* DaangnBookSearch */ = {
			isa = PBXNativeTarget;
			buildConfigurationList = 653256E02EAFAC0B005F43AA /* Build configuration list for PBXNativeTarget "DaangnBookSearch" */;
			buildPhases = (
				653256B32EAFAC09005F43AA /* Sources */,
				653256B42EAFAC09005F43AA /* Frameworks */,
				653256B52EAFAC09005F43AA /* Resources */,
			);
			buildRules = (
			);
			dependencies = (
			);
			fileSystemSynchronizedGroups = (
				653256B92EAFAC09005F43AA /* DaangnBookSearch */,
			);
			name = DaangnBookSearch;
			packageProductDependencies = (
			);
			productName = DaangnBookSearch;
			productReference = 653256B72EAFAC09005F43AA /* DaangnBookSearch.app */;
			productType = "com.apple.product-type.application";
		};
		653256CC2EAFAC0B005F43AA /* DaangnBookSearchTests */ = {
			isa = PBXNativeTarget;
			buildConfigurationList = 653256E52EAFAC0B005F43AA /* Build configuration list for PBXNativeTarget "DaangnBookSearchTests" */;
			buildPhases = (
				653256C92EAFAC0B005F43AA /* Sources */,
				653256CA2EAFAC0B005F43AA /* Frameworks */,
				653256CB2EAFAC0B005F43AA /* Resources */,
			);
			buildRules = (
			);
			dependencies = (
				653256CF2EAFAC0B005F43AA /* PBXTargetDependency */,
			);
			fileSystemSynchronizedGroups = (
				653256D02EAFAC0B005F43AA /* DaangnBookSearchTests */,
			);
			name = DaangnBookSearchTests;
			packageProductDependencies = (
			);
			productName = DaangnBookSearchTests;
			productReference = 653256CD2EAFAC0B005F43AA /* DaangnBookSearchTests.xctest */;
			productType = "com.apple.product-type.bundle.unit-test";
		};
		653256D62EAFAC0B005F43AA /* DaangnBookSearchUITests */ = {
			isa = PBXNativeTarget;
			buildConfigurationList = 653256E82EAFAC0B005F43AA /* Build configuration list for PBXNativeTarget "DaangnBookSearchUITests" */;
			buildPhases = (
				653256D32EAFAC0B005F43AA /* Sources */,
				653256D42EAFAC0B005F43AA /* Frameworks */,
				653256D52EAFAC0B005F43AA /* Resources */,
			);
			buildRules = (
			);
			dependencies = (
				653256D92EAFAC0B005F43AA /* PBXTargetDependency */,
			);
			fileSystemSynchronizedGroups = (
				653256DA2EAFAC0B005F43AA /* DaangnBookSearchUITests */,
			);
			name = DaangnBookSearchUITests;
			packageProductDependencies = (
			);
			productName = DaangnBookSearchUITests;
			productReference = 653256D72EAFAC0B005F43AA /* DaangnBookSearchUITests.xctest */;
			productType = "com.apple.product-type.bundle.ui-testing";
		};
/* End PBXNativeTarget section */

/* Begin PBXProject section */
		653256AF2EAFAC09005F43AA /* Project object */ = {
			isa = PBXProject;
			attributes = {
				BuildIndependentTargetsInParallel = 1;
				LastSwiftUpdateCheck = 2600;
				LastUpgradeCheck = 2600;
				TargetAttributes = {
					653256B62EAFAC09005F43AA = {
						CreatedOnToolsVersion = 26.0.1;
					};
					653256CC2EAFAC0B005F43AA = {
						CreatedOnToolsVersion = 26.0.1;
						TestTargetID = 653256B62EAFAC09005F43AA;
					};
					653256D62EAFAC0B005F43AA = {
						CreatedOnToolsVersion = 26.0.1;
						TestTargetID = 653256B62EAFAC09005F43AA;
					};
				};
			};
			buildConfigurationList = 653256B22EAFAC09005F43AA /* Build configuration list for PBXProject "DaangnBookSearch" */;
			developmentRegion = en;
			hasScannedForEncodings = 0;
			knownRegions = (
				en,
				Base,
			);
			mainGroup = 653256AE2EAFAC09005F43AA;
			minimizedProjectReferenceProxies = 1;
			preferredProjectObjectVersion = 77;
			productRefGroup = 653256B82EAFAC09005F43AA /* Products */;
			projectDirPath = "";
			projectRoot = "";
			targets = (
				653256B62EAFAC09005F43AA /* DaangnBookSearch */,
				653256CC2EAFAC0B005F43AA /* DaangnBookSearchTests */,
				653256D62EAFAC0B005F43AA /* DaangnBookSearchUITests */,
			);
		};
/* End PBXProject section */

/* Begin PBXResourcesBuildPhase section */
		653256B52EAFAC09005F43AA /* Resources */ = {
			isa = PBXResourcesBuildPhase;
			buildActionMask = 2147483647;
			files = (
			);
			runOnlyForDeploymentPostprocessing = 0;
		};
		653256CB2EAFAC0B005F43AA /* Resources */ = {
			isa = PBXResourcesBuildPhase;
			buildActionMask = 2147483647;
			files = (
			);
			runOnlyForDeploymentPostprocessing = 0;
		};
		653256D52EAFAC0B005F43AA /* Resources */ = {
			isa = PBXResourcesBuildPhase;
			buildActionMask = 2147483647;
			files = (
			);
			runOnlyForDeploymentPostprocessing = 0;
		};
/* End PBXResourcesBuildPhase section */

/* Begin PBXSourcesBuildPhase section */
		653256B32EAFAC09005F43AA /* Sources */ = {
			isa = PBXSourcesBuildPhase;
			buildActionMask = 2147483647;
			files = (
			);
			runOnlyForDeploymentPostprocessing = 0;
		};
		653256C92EAFAC0B005F43AA /* Sources */ = {
			isa = PBXSourcesBuildPhase;
			buildActionMask = 2147483647;
			files = (
			);
			runOnlyForDeploymentPostprocessing = 0;
		};
		653256D32EAFAC0B005F43AA /* Sources */ = {
			isa = PBXSourcesBuildPhase;
			buildActionMask = 2147483647;
			files = (
			);
			runOnlyForDeploymentPostprocessing = 0;
		};
/* End PBXSourcesBuildPhase section */

/* Begin PBXTargetDependency section */
		653256CF2EAFAC0B005F43AA /* PBXTargetDependency */ = {
			isa = PBXTargetDependency;
			target = 653256B62EAFAC09005F43AA /* DaangnBookSearch */;
			targetProxy = 653256CE2EAFAC0B005F43AA /* PBXContainerItemProxy */;
		};
		653256D92EAFAC0B005F43AA /* PBXTargetDependency */ = {
			isa = PBXTargetDependency;
			target = 653256B62EAFAC09005F43AA /* DaangnBookSearch */;
			targetProxy = 653256D82EAFAC0B005F43AA /* PBXContainerItemProxy */;
		};
/* End PBXTargetDependency section */

/* Begin XCBuildConfiguration section */
		653256E12EAFAC0B005F43AA /* Debug */ = {
			isa = XCBuildConfiguration;
			buildSettings = {
				ASSETCATALOG_COMPILER_APPICON_NAME = AppIcon;
				ASSETCATALOG_COMPILER_GLOBAL_ACCENT_COLOR_NAME = AccentColor;
				CODE_SIGN_STYLE = Automatic;
				CURRENT_PROJECT_VERSION = 1;
				DEVELOPMENT_TEAM = B434W34DLF;
				GENERATE_INFOPLIST_FILE = YES;
				INFOPLIST_FILE = DaangnBookSearch/Info.plist;
				INFOPLIST_KEY_CFBundleDisplayName = "당근북파인더";
				INFOPLIST_KEY_LSApplicationCategoryType = "public.app-category.books";
				INFOPLIST_KEY_UIApplicationSupportsIndirectInputEvents = YES;
				INFOPLIST_KEY_UIStatusBarStyle = "";
				INFOPLIST_KEY_UISupportedInterfaceOrientations = UIInterfaceOrientationPortrait;
				INFOPLIST_KEY_UISupportedInterfaceOrientations_iPad = "UIInterfaceOrientationLandscapeLeft UIInterfaceOrientationLandscapeRight UIInterfaceOrientationPortrait UIInterfaceOrientationPortraitUpsideDown";
				IPHONEOS_DEPLOYMENT_TARGET = 16.6;
				LD_RUNPATH_SEARCH_PATHS = (
					"$(inherited)",
					"@executable_path/Frameworks",
				);
				MARKETING_VERSION = 1.0;
				PRODUCT_BUNDLE_IDENTIFIER = com.sunghong32.DaangnBookSearch;
				PRODUCT_NAME = "$(TARGET_NAME)";
				STRING_CATALOG_GENERATE_SYMBOLS = YES;
				SUPPORTED_PLATFORMS = "iphoneos iphonesimulator";
				SUPPORTS_MACCATALYST = NO;
				SUPPORTS_MAC_DESIGNED_FOR_IPHONE_IPAD = NO;
				SUPPORTS_XR_DESIGNED_FOR_IPHONE_IPAD = NO;
				SWIFT_APPROACHABLE_CONCURRENCY = YES;
				SWIFT_DEFAULT_ACTOR_ISOLATION = MainActor;
				SWIFT_EMIT_LOC_STRINGS = YES;
				SWIFT_UPCOMING_FEATURE_MEMBER_IMPORT_VISIBILITY = YES;
				SWIFT_VERSION = 5.0;
				TARGETED_DEVICE_FAMILY = 1;
			};
			name = Debug;
		};
		653256E22EAFAC0B005F43AA /* Release */ = {
			isa = XCBuildConfiguration;
			buildSettings = {
				ASSETCATALOG_COMPILER_APPICON_NAME = AppIcon;
				ASSETCATALOG_COMPILER_GLOBAL_ACCENT_COLOR_NAME = AccentColor;
				CODE_SIGN_STYLE = Automatic;
				CURRENT_PROJECT_VERSION = 1;
				DEVELOPMENT_TEAM = B434W34DLF;
				GENERATE_INFOPLIST_FILE = YES;
				INFOPLIST_FILE = DaangnBookSearch/Info.plist;
				INFOPLIST_KEY_CFBundleDisplayName = "당근북파인더";
				INFOPLIST_KEY_LSApplicationCategoryType = "public.app-category.books";
				INFOPLIST_KEY_UIApplicationSupportsIndirectInputEvents = YES;
				INFOPLIST_KEY_UIStatusBarStyle = "";
				INFOPLIST_KEY_UISupportedInterfaceOrientations = UIInterfaceOrientationPortrait;
				INFOPLIST_KEY_UISupportedInterfaceOrientations_iPad = "UIInterfaceOrientationLandscapeLeft UIInterfaceOrientationLandscapeRight UIInterfaceOrientationPortrait UIInterfaceOrientationPortraitUpsideDown";
				IPHONEOS_DEPLOYMENT_TARGET = 16.6;
				LD_RUNPATH_SEARCH_PATHS = (
					"$(inherited)",
					"@executable_path/Frameworks",
				);
				MARKETING_VERSION = 1.0;
				PRODUCT_BUNDLE_IDENTIFIER = com.sunghong32.DaangnBookSearch;
				PRODUCT_NAME = "$(TARGET_NAME)";
				STRING_CATALOG_GENERATE_SYMBOLS = YES;
				SUPPORTED_PLATFORMS = "iphoneos iphonesimulator";
				SUPPORTS_MACCATALYST = NO;
				SUPPORTS_MAC_DESIGNED_FOR_IPHONE_IPAD = NO;
				SUPPORTS_XR_DESIGNED_FOR_IPHONE_IPAD = NO;
				SWIFT_APPROACHABLE_CONCURRENCY = YES;
				SWIFT_DEFAULT_ACTOR_ISOLATION = MainActor;
				SWIFT_EMIT_LOC_STRINGS = YES;
				SWIFT_UPCOMING_FEATURE_MEMBER_IMPORT_VISIBILITY = YES;
				SWIFT_VERSION = 5.0;
				TARGETED_DEVICE_FAMILY = 1;
			};
			name = Release;
		};
		653256E32EAFAC0B005F43AA /* Debug */ = {
			isa = XCBuildConfiguration;
			buildSettings = {
				ALWAYS_SEARCH_USER_PATHS = NO;
				ASSETCATALOG_COMPILER_GENERATE_SWIFT_ASSET_SYMBOL_EXTENSIONS = YES;
				CLANG_ANALYZER_NONNULL = YES;
				CLANG_ANALYZER_NUMBER_OBJECT_CONVERSION = YES_AGGRESSIVE;
				CLANG_CXX_LANGUAGE_STANDARD = "gnu++20";
				CLANG_ENABLE_MODULES = YES;
				CLANG_ENABLE_OBJC_ARC = YES;
				CLANG_ENABLE_OBJC_WEAK = YES;
				CLANG_WARN_BLOCK_CAPTURE_AUTORELEASING = YES;
				CLANG_WARN_BOOL_CONVERSION = YES;
				CLANG_WARN_COMMA = YES;
				CLANG_WARN_CONSTANT_CONVERSION = YES;
				CLANG_WARN_DEPRECATED_OBJC_IMPLEMENTATIONS = YES;
				CLANG_WARN_DIRECT_OBJC_ISA_USAGE = YES_ERROR;
				CLANG_WARN_DOCUMENTATION_COMMENTS = YES;
				CLANG_WARN_EMPTY_BODY = YES;
				CLANG_WARN_ENUM_CONVERSION = YES;
				CLANG_WARN_INFINITE_RECURSION = YES;
				CLANG_WARN_INT_CONVERSION = YES;
				CLANG_WARN_NON_LITERAL_NULL_CONVERSION = YES;
				CLANG_WARN_OBJC_IMPLICIT_RETAIN_SELF = YES;
				CLANG_WARN_OBJC_LITERAL_CONVERSION = YES;
				CLANG_WARN_OBJC_ROOT_CLASS = YES_ERROR;
				CLANG_WARN_QUOTED_INCLUDE_IN_FRAMEWORK_HEADER = YES;
				CLANG_WARN_RANGE_LOOP_ANALYSIS = YES;
				CLANG_WARN_STRICT_PROTOTYPES = YES;
				CLANG_WARN_SUSPICIOUS_MOVE = YES;
				CLANG_WARN_UNGUARDED_AVAILABILITY = YES_AGGRESSIVE;
				CLANG_WARN_UNREACHABLE_CODE = YES;
				CLANG_WARN__DUPLICATE_METHOD_MATCH = YES;
				COPY_PHASE_STRIP = NO;
				DEBUG_INFORMATION_FORMAT = dwarf;
				DEVELOPMENT_TEAM = B434W34DLF;
				ENABLE_STRICT_OBJC_MSGSEND = YES;
				ENABLE_TESTABILITY = YES;
				ENABLE_USER_SCRIPT_SANDBOXING = YES;
				GCC_C_LANGUAGE_STANDARD = gnu17;
				GCC_DYNAMIC_NO_PIC = NO;
				GCC_NO_COMMON_BLOCKS = YES;
				GCC_OPTIMIZATION_LEVEL = 0;
				GCC_PREPROCESSOR_DEFINITIONS = (
					"DEBUG=1",
					"$(inherited)",
				);
				GCC_WARN_64_TO_32_BIT_CONVERSION = YES;
				GCC_WARN_ABOUT_RETURN_TYPE = YES_ERROR;
				GCC_WARN_UNDECLARED_SELECTOR = YES;
				GCC_WARN_UNINITIALIZED_AUTOS = YES_AGGRESSIVE;
				GCC_WARN_UNUSED_FUNCTION = YES;
				GCC_WARN_UNUSED_VARIABLE = YES;
				IPHONEOS_DEPLOYMENT_TARGET = 26.0;
				LOCALIZATION_PREFERS_STRING_CATALOGS = YES;
				MTL_ENABLE_DEBUG_INFO = INCLUDE_SOURCE;
				MTL_FAST_MATH = YES;
				ONLY_ACTIVE_ARCH = YES;
				SDKROOT = iphoneos;
				SWIFT_ACTIVE_COMPILATION_CONDITIONS = "DEBUG $(inherited)";
				SWIFT_OPTIMIZATION_LEVEL = "-Onone";
			};
			name = Debug;
		};
		653256E42EAFAC0B005F43AA /* Release */ = {
			isa = XCBuildConfiguration;
			buildSettings = {
				ALWAYS_SEARCH_USER_PATHS = NO;
				ASSETCATALOG_COMPILER_GENERATE_SWIFT_ASSET_SYMBOL_EXTENSIONS = YES;
				CLANG_ANALYZER_NONNULL = YES;
				CLANG_ANALYZER_NUMBER_OBJECT_CONVERSION = YES_AGGRESSIVE;
				CLANG_CXX_LANGUAGE_STANDARD = "gnu++20";
				CLANG_ENABLE_MODULES = YES;
				CLANG_ENABLE_OBJC_ARC = YES;
				CLANG_ENABLE_OBJC_WEAK = YES;
				CLANG_WARN_BLOCK_CAPTURE_AUTORELEASING = YES;
				CLANG_WARN_BOOL_CONVERSION = YES;
				CLANG_WARN_COMMA = YES;
				CLANG_WARN_CONSTANT_CONVERSION = YES;
				CLANG_WARN_DEPRECATED_OBJC_IMPLEMENTATIONS = YES;
				CLANG_WARN_DIRECT_OBJC_ISA_USAGE = YES_ERROR;
				CLANG_WARN_DOCUMENTATION_COMMENTS = YES;
				CLANG_WARN_EMPTY_BODY = YES;
				CLANG_WARN_ENUM_CONVERSION = YES;
				CLANG_WARN_INFINITE_RECURSION = YES;
				CLANG_WARN_INT_CONVERSION = YES;
				CLANG_WARN_NON_LITERAL_NULL_CONVERSION = YES;
				CLANG_WARN_OBJC_IMPLICIT_RETAIN_SELF = YES;
				CLANG_WARN_OBJC_LITERAL_CONVERSION = YES;
				CLANG_WARN_OBJC_ROOT_CLASS = YES_ERROR;
				CLANG_WARN_QUOTED_INCLUDE_IN_FRAMEWORK_HEADER = YES;
				CLANG_WARN_RANGE_LOOP_ANALYSIS = YES;
				CLANG_WARN_STRICT_PROTOTYPES = YES;
				CLANG_WARN_SUSPICIOUS_MOVE = YES;
				CLANG_WARN_UNGUARDED_AVAILABILITY = YES_AGGRESSIVE;
				CLANG_WARN_UNREACHABLE_CODE = YES;
				CLANG_WARN__DUPLICATE_METHOD_MATCH = YES;
				COPY_PHASE_STRIP = NO;
				DEBUG_INFORMATION_FORMAT = "dwarf-with-dsym";
				DEVELOPMENT_TEAM = B434W34DLF;
				ENABLE_NS_ASSERTIONS = NO;
				ENABLE_STRICT_OBJC_MSGSEND = YES;
				ENABLE_USER_SCRIPT_SANDBOXING = YES;
				GCC_C_LANGUAGE_STANDARD = gnu17;
				GCC_NO_COMMON_BLOCKS = YES;
				GCC_WARN_64_TO_32_BIT_CONVERSION = YES;
				GCC_WARN_ABOUT_RETURN_TYPE = YES_ERROR;
				GCC_WARN_UNDECLARED_SELECTOR = YES;
				GCC_WARN_UNINITIALIZED_AUTOS = YES_AGGRESSIVE;
				GCC_WARN_UNUSED_FUNCTION = YES;
				GCC_WARN_UNUSED_VARIABLE = YES;
				IPHONEOS_DEPLOYMENT_TARGET = 26.0;
				LOCALIZATION_PREFERS_STRING_CATALOGS = YES;
				MTL_ENABLE_DEBUG_INFO = NO;
				MTL_FAST_MATH = YES;
				SDKROOT = iphoneos;
				SWIFT_COMPILATION_MODE = wholemodule;
				VALIDATE_PRODUCT = YES;
			};
			name = Release;
		};
		653256E62EAFAC0B005F43AA /* Debug */ = {
			isa = XCBuildConfiguration;
			buildSettings = {
				BUNDLE_LOADER = "$(TEST_HOST)";
				CODE_SIGN_STYLE = Automatic;
				CURRENT_PROJECT_VERSION = 1;
				DEVELOPMENT_TEAM = B434W34DLF;
				GENERATE_INFOPLIST_FILE = YES;
				IPHONEOS_DEPLOYMENT_TARGET = 26.0;
				MARKETING_VERSION = 1.0;
				PRODUCT_BUNDLE_IDENTIFIER = com.sunghong32.DaangnBookSearchTests;
				PRODUCT_NAME = "$(TARGET_NAME)";
				STRING_CATALOG_GENERATE_SYMBOLS = NO;
				SWIFT_APPROACHABLE_CONCURRENCY = YES;
				SWIFT_EMIT_LOC_STRINGS = NO;
				SWIFT_UPCOMING_FEATURE_MEMBER_IMPORT_VISIBILITY = YES;
				SWIFT_VERSION = 5.0;
				TARGETED_DEVICE_FAMILY = "1,2";
				TEST_HOST = "$(BUILT_PRODUCTS_DIR)/DaangnBookSearch.app/$(BUNDLE_EXECUTABLE_FOLDER_PATH)/DaangnBookSearch";
			};
			name = Debug;
		};
		653256E72EAFAC0B005F43AA /* Release */ = {
			isa = XCBuildConfiguration;
			buildSettings = {
				BUNDLE_LOADER = "$(TEST_HOST)";
				CODE_SIGN_STYLE = Automatic;
				CURRENT_PROJECT_VERSION = 1;
				DEVELOPMENT_TEAM = B434W34DLF;
				GENERATE_INFOPLIST_FILE = YES;
				IPHONEOS_DEPLOYMENT_TARGET = 26.0;
				MARKETING_VERSION = 1.0;
				PRODUCT_BUNDLE_IDENTIFIER = com.sunghong32.DaangnBookSearchTests;
				PRODUCT_NAME = "$(TARGET_NAME)";
				STRING_CATALOG_GENERATE_SYMBOLS = NO;
				SWIFT_APPROACHABLE_CONCURRENCY = YES;
				SWIFT_EMIT_LOC_STRINGS = NO;
				SWIFT_UPCOMING_FEATURE_MEMBER_IMPORT_VISIBILITY = YES;
				SWIFT_VERSION = 5.0;
				TARGETED_DEVICE_FAMILY = "1,2";
				TEST_HOST = "$(BUILT_PRODUCTS_DIR)/DaangnBookSearch.app/$(BUNDLE_EXECUTABLE_FOLDER_PATH)/DaangnBookSearch";
			};
			name = Release;
		};
		653256E92EAFAC0B005F43AA /* Debug */ = {
			isa = XCBuildConfiguration;
			buildSettings = {
				CODE_SIGN_STYLE = Automatic;
				CURRENT_PROJECT_VERSION = 1;
				DEVELOPMENT_TEAM = B434W34DLF;
				GENERATE_INFOPLIST_FILE = YES;
				MARKETING_VERSION = 1.0;
				PRODUCT_BUNDLE_IDENTIFIER = com.sunghong32.DaangnBookSearchUITests;
				PRODUCT_NAME = "$(TARGET_NAME)";
				STRING_CATALOG_GENERATE_SYMBOLS = NO;
				SWIFT_APPROACHABLE_CONCURRENCY = YES;
				SWIFT_EMIT_LOC_STRINGS = NO;
				SWIFT_UPCOMING_FEATURE_MEMBER_IMPORT_VISIBILITY = YES;
				SWIFT_VERSION = 5.0;
				TARGETED_DEVICE_FAMILY = "1,2";
				TEST_TARGET_NAME = DaangnBookSearch;
			};
			name = Debug;
		};
		653256EA2EAFAC0B005F43AA /* Release */ = {
			isa = XCBuildConfiguration;
			buildSettings = {
				CODE_SIGN_STYLE = Automatic;
				CURRENT_PROJECT_VERSION = 1;
				DEVELOPMENT_TEAM = B434W34DLF;
				GENERATE_INFOPLIST_FILE = YES;
				MARKETING_VERSION = 1.0;
				PRODUCT_BUNDLE_IDENTIFIER = com.sunghong32.DaangnBookSearchUITests;
				PRODUCT_NAME = "$(TARGET_NAME)";
				STRING_CATALOG_GENERATE_SYMBOLS = NO;
				SWIFT_APPROACHABLE_CONCURRENCY = YES;
				SWIFT_EMIT_LOC_STRINGS = NO;
				SWIFT_UPCOMING_FEATURE_MEMBER_IMPORT_VISIBILITY = YES;
				SWIFT_VERSION = 5.0;
				TARGETED_DEVICE_FAMILY = "1,2";
				TEST_TARGET_NAME = DaangnBookSearch;
			};
			name = Release;
		};
/* End XCBuildConfiguration section */

/* Begin XCConfigurationList section */
		653256B22EAFAC09005F43AA /* Build configuration list for PBXProject "DaangnBookSearch" */ = {
			isa = XCConfigurationList;
			buildConfigurations = (
				653256E32EAFAC0B005F43AA /* Debug */,
				653256E42EAFAC0B005F43AA /* Release */,
			);
			defaultConfigurationIsVisible = 0;
			defaultConfigurationName = Release;
		};
		653256E02EAFAC0B005F43AA /* Build configuration list for PBXNativeTarget "DaangnBookSearch" */ = {
			isa = XCConfigurationList;
			buildConfigurations = (
				653256E12EAFAC0B005F43AA /* Debug */,
				653256E22EAFAC0B005F43AA /* Release */,
			);
			defaultConfigurationIsVisible = 0;
			defaultConfigurationName = Release;
		};
		653256E52EAFAC0B005F43AA /* Build configuration list for PBXNativeTarget "DaangnBookSearchTests" */ = {
			isa = XCConfigurationList;
			buildConfigurations = (
				653256E62EAFAC0B005F43AA /* Debug */,
				653256E72EAFAC0B005F43AA /* Release */,
			);
			defaultConfigurationIsVisible = 0;
			defaultConfigurationName = Release;
		};
		653256E82EAFAC0B005F43AA /* Build configuration list for PBXNativeTarget "DaangnBookSearchUITests" */ = {
			isa = XCConfigurationList;
			buildConfigurations = (
				653256E92EAFAC0B005F43AA /* Debug */,
				653256EA2EAFAC0B005F43AA /* Release */,
			);
			defaultConfigurationIsVisible = 0;
			defaultConfigurationName = Release;
		};
/* End XCConfigurationList section */
	};
	rootObject = 653256AF2EAFAC09005F43AA /* Project object */;
}
